
Microsoft Visual Studio Solution File, Format Version 12.00
# Visual Studio 15
VisualStudioVersion = 15.0.28307.1831
MinimumVisualStudioVersion = 10.0.40219.1
Project("{159641D6-6404-4A2A-AE62-294DE0FE8301}") = "Visa Billing", "Visa Billing\Visa Billing.dtproj", "{0FB829E0-12D2-4F9E-8978-7BE8DBCFC49B}"
EndProject
Global
	GlobalSection(SolutionConfigurationPlatforms) = preSolution
		Development|Default = Development|Default
	EndGlobalSection
	GlobalSection(ProjectConfigurationPlatforms) = postSolution
		{0FB829E0-12D2-4F9E-8978-7BE8DBCFC49B}.Development|Default.ActiveCfg = Development
		{0FB829E0-12D2-4F9E-8978-7BE8DBCFC49B}.Development|Default.Build.0 = Development
	EndGlobalSection
	GlobalSection(SolutionProperties) = preSolution
		HideSolutionNode = FALSE
	EndGlobalSection
	GlobalSection(ExtensibilityGlobals) = postSolution
		SolutionGuid = {3D522DA4-17EE-48DA-BF96-3F8A6C5EFF51}
	EndGlobalSection
EndGlobal
